
Microsoft Visual Studio Solution File, Format Version 12.00
# Visual Studio Version 17
VisualStudioVersion = 17.10.35027.167
MinimumVisualStudioVersion = 10.0.40219.1
Project("{FAE04EC0-301F-11D3-BF4B-00C04F79EFBC}") = "Linq_Join", "Linq_Join\Linq_Join.csproj", "{94C88066-FAB6-492D-98BC-D03F793AE23D}"
EndProject
Global
	GlobalSection(SolutionConfigurationPlatforms) = preSolution
		Debug|Any CPU = Debug|Any CPU
		Release|Any CPU = Release|Any CPU
	EndGlobalSection
	GlobalSection(ProjectConfigurationPlatforms) = postSolution
		{94C88066-FAB6-492D-98BC-D03F793AE23D}.Debug|Any CPU.ActiveCfg = Debug|Any CPU
		{94C88066-FAB6-492D-98BC-D03F793AE23D}.Debug|Any CPU.Build.0 = Debug|Any CPU
		{94C88066-FAB6-492D-98BC-D03F793AE23D}.Release|Any CPU.ActiveCfg = Release|Any CPU
		{94C88066-FAB6-492D-98BC-D03F793AE23D}.Release|Any CPU.Build.0 = Release|Any CPU
	EndGlobalSection
	GlobalSection(SolutionProperties) = preSolution
		HideSolutionNode = FALSE
	EndGlobalSection
	GlobalSection(ExtensibilityGlobals) = postSolution
		SolutionGuid = {8BAEAE48-B0CD-46F9-9775-898348965DE2}
	EndGlobalSection
EndGlobal
